
Microsoft Visual Studio Solution File, Format Version 12.00
# Visual Studio 2012
Project("{D954291E-2A0B-460D-934E-DC6B0785DB48}") = "Storage_Client", "Storage_Client\Storage_Client.shproj", "{99855ACC-121C-4D5C-952E-BC218FB1835B}"
EndProject
Project("{FAE04EC0-301F-11D3-BF4B-00C04F79EFBC}") = "Storage_Client.iOS", "iOS\Storage_Client.iOS.csproj", "{6A992512-18CD-4C32-9B46-733884AE4CB6}"
EndProject
Project("{FAE04EC0-301F-11D3-BF4B-00C04F79EFBC}") = "Storage_Client.Droid", "Droid\Storage_Client.Droid.csproj", "{835AE3AE-663F-4947-AE07-295EFA889E39}"
EndProject
Global
	GlobalSection(SolutionConfigurationPlatforms) = preSolution
		Debug|iPhoneSimulator = Debug|iPhoneSimulator
		Release|iPhone = Release|iPhone
		Release|iPhoneSimulator = Release|iPhoneSimulator
		Debug|iPhone = Debug|iPhone
		Debug|Any CPU = Debug|Any CPU
		Release|Any CPU = Release|Any CPU
	EndGlobalSection
	GlobalSection(ProjectConfigurationPlatforms) = postSolution
		{6A992512-18CD-4C32-9B46-733884AE4CB6}.Debug|iPhoneSimulator.ActiveCfg = Debug|iPhoneSimulator
		{6A992512-18CD-4C32-9B46-733884AE4CB6}.Debug|iPhoneSimulator.Build.0 = Debug|iPhoneSimulator
		{6A992512-18CD-4C32-9B46-733884AE4CB6}.Release|iPhone.ActiveCfg = Release|iPhone
		{6A992512-18CD-4C32-9B46-733884AE4CB6}.Release|iPhone.Build.0 = Release|iPhone
		{6A992512-18CD-4C32-9B46-733884AE4CB6}.Release|iPhoneSimulator.ActiveCfg = Release|iPhoneSimulator
		{6A992512-18CD-4C32-9B46-733884AE4CB6}.Release|iPhoneSimulator.Build.0 = Release|iPhoneSimulator
		{6A992512-18CD-4C32-9B46-733884AE4CB6}.Debug|iPhone.ActiveCfg = Debug|iPhone
		{6A992512-18CD-4C32-9B46-733884AE4CB6}.Debug|iPhone.Build.0 = Debug|iPhone
		{6A992512-18CD-4C32-9B46-733884AE4CB6}.Debug|Any CPU.ActiveCfg = Debug|iPhoneSimulator
		{6A992512-18CD-4C32-9B46-733884AE4CB6}.Debug|Any CPU.Build.0 = Debug|iPhoneSimulator
		{6A992512-18CD-4C32-9B46-733884AE4CB6}.Release|Any CPU.ActiveCfg = Release|iPhone
		{6A992512-18CD-4C32-9B46-733884AE4CB6}.Release|Any CPU.Build.0 = Release|iPhone
		{835AE3AE-663F-4947-AE07-295EFA889E39}.Debug|iPhoneSimulator.ActiveCfg = Debug|Any CPU
		{835AE3AE-663F-4947-AE07-295EFA889E39}.Debug|iPhoneSimulator.Build.0 = Debug|Any CPU
		{835AE3AE-663F-4947-AE07-295EFA889E39}.Release|iPhone.ActiveCfg = Release|Any CPU
		{835AE3AE-663F-4947-AE07-295EFA889E39}.Release|iPhone.Build.0 = Release|Any CPU
		{835AE3AE-663F-4947-AE07-295EFA889E39}.Release|iPhoneSimulator.ActiveCfg = Release|Any CPU
		{835AE3AE-663F-4947-AE07-295EFA889E39}.Release|iPhoneSimulator.Build.0 = Release|Any CPU
		{835AE3AE-663F-4947-AE07-295EFA889E39}.Debug|iPhone.ActiveCfg = Debug|Any CPU
		{835AE3AE-663F-4947-AE07-295EFA889E39}.Debug|iPhone.Build.0 = Debug|Any CPU
		{835AE3AE-663F-4947-AE07-295EFA889E39}.Debug|Any CPU.ActiveCfg = Debug|Any CPU
		{835AE3AE-663F-4947-AE07-295EFA889E39}.Debug|Any CPU.Build.0 = Debug|Any CPU
		{835AE3AE-663F-4947-AE07-295EFA889E39}.Release|Any CPU.ActiveCfg = Release|Any CPU
		{835AE3AE-663F-4947-AE07-295EFA889E39}.Release|Any CPU.Build.0 = Release|Any CPU
	EndGlobalSection
	GlobalSection(MonoDevelopProperties) = preSolution
		Policies = $0
		$0.DotNetNamingPolicy = $1
		$1.DirectoryNamespaceAssociation = PrefixedHierarchical
		$0.StandardHeader = $2
		$0.VersionControlPolicy = $3
	EndGlobalSection
EndGlobal
